// !$*UTF8*$!
{
	archiveVersion = 1;
	classes = {
	};
	objectVersion = 46;
	objects = {

/* Begin PBXBuildFile section */
		580BEA491E44453D001920DC /* imagePixelUnicornMedium.png in Resources */ = {isa = PBXBuildFile; fileRef = 580BEA481E44453D001920DC /* imagePixelUnicornMedium.png */; };
		58106F1D1E2C30030013683A /* UIView+Rotation.swift in Sources */ = {isa = PBXBuildFile; fileRef = 58106F1C1E2C30030013683A /* UIView+Rotation.swift */; };
		58499A7A1E57CAE6001F94C4 /* Reachability.swift in Sources */ = {isa = PBXBuildFile; fileRef = 58499A791E57CAE6001F94C4 /* Reachability.swift */; };
		584A776C1E232CEB002E9D88 /* QuestionsViewController.swift in Sources */ = {isa = PBXBuildFile; fileRef = 584A776B1E232CEB002E9D88 /* QuestionsViewController.swift */; };
		58583DC81E2AE988003F76A7 /* ChuckAskMe.png in Resources */ = {isa = PBXBuildFile; fileRef = 58583DC71E2AE988003F76A7 /* ChuckAskMe.png */; };
		587459851E5007ED00C2697B /* ResizeImage.swift in Sources */ = {isa = PBXBuildFile; fileRef = 587459841E5007ED00C2697B /* ResizeImage.swift */; };
		5887C6C91E2BD4C500D816A3 /* chuckLoad.png in Resources */ = {isa = PBXBuildFile; fileRef = 5887C6C81E2BD4C500D816A3 /* chuckLoad.png */; };
		5887C6CB1E2BD6F000D816A3 /* ChuckAskMeFull.JPG in Resources */ = {isa = PBXBuildFile; fileRef = 5887C6CA1E2BD6F000D816A3 /* ChuckAskMeFull.JPG */; };
		5887C6CD1E2BFF0700D816A3 /* WoodchuckSpinner.png in Resources */ = {isa = PBXBuildFile; fileRef = 5887C6CC1E2BFF0600D816A3 /* WoodchuckSpinner.png */; };
		58A388181E1A057100E1F289 /* AppDelegate.swift in Sources */ = {isa = PBXBuildFile; fileRef = 58A388171E1A057100E1F289 /* AppDelegate.swift */; };
		58A3881A1E1A057100E1F289 /* ViewController.swift in Sources */ = {isa = PBXBuildFile; fileRef = 58A388191E1A057100E1F289 /* ViewController.swift */; };
		58A3881D1E1A057100E1F289 /* Main.storyboard in Resources */ = {isa = PBXBuildFile; fileRef = 58A3881B1E1A057100E1F289 /* Main.storyboard */; };
		58A3881F1E1A057100E1F289 /* Assets.xcassets in Resources */ = {isa = PBXBuildFile; fileRef = 58A3881E1E1A057100E1F289 /* Assets.xcassets */; };
		58A388221E1A057100E1F289 /* LaunchScreen.storyboard in Resources */ = {isa = PBXBuildFile; fileRef = 58A388201E1A057100E1F289 /* LaunchScreen.storyboard */; };
		58A3882A1E1A05BA00E1F289 /* hazelcover3.jpg in Resources */ = {isa = PBXBuildFile; fileRef = 58A388291E1A05BA00E1F289 /* hazelcover3.jpg */; };
		58A3882F1E1A158800E1F289 /* CloudKit.framework in Frameworks */ = {isa = PBXBuildFile; fileRef = 58A3882E1E1A158800E1F289 /* CloudKit.framework */; };
		58B5B74C1E4798E9007DEE10 /* ArrayExtensions.swift in Sources */ = {isa = PBXBuildFile; fileRef = 58B5B74B1E4798E9007DEE10 /* ArrayExtensions.swift */; };
		58B5B7581E47BA6C007DEE10 /* WoodchuckHead.png in Resources */ = {isa = PBXBuildFile; fileRef = 58B5B7571E47BA6C007DEE10 /* WoodchuckHead.png */; };
		58E1FF661E4EACCC0047708E /* rotateImage.png in Resources */ = {isa = PBXBuildFile; fileRef = 58E1FF651E4EACCC0047708E /* rotateImage.png */; };
		58FB5AB91E2586D8009341E8 /* Chuckism.swift in Sources */ = {isa = PBXBuildFile; fileRef = 58FB5AB81E2586D8009341E8 /* Chuckism.swift */; };
/* End PBXBuildFile section */

/* Begin PBXFileReference section */
		580BEA481E44453D001920DC /* imagePixelUnicornMedium.png */ = {isa = PBXFileReference; lastKnownFileType = image.png; path = imagePixelUnicornMedium.png; sourceTree = "<group>"; };
		58106F1C1E2C30030013683A /* UIView+Rotation.swift */ = {isa = PBXFileReference; fileEncoding = 4; lastKnownFileType = sourcecode.swift; path = "UIView+Rotation.swift"; sourceTree = "<group>"; };
		58499A791E57CAE6001F94C4 /* Reachability.swift */ = {isa = PBXFileReference; fileEncoding = 4; lastKnownFileType = sourcecode.swift; path = Reachability.swift; sourceTree = "<group>"; };
		584A776B1E232CEB002E9D88 /* QuestionsViewController.swift */ = {isa = PBXFileReference; fileEncoding = 4; lastKnownFileType = sourcecode.swift; path = QuestionsViewController.swift; sourceTree = "<group>"; };
		58583DC71E2AE988003F76A7 /* ChuckAskMe.png */ = {isa = PBXFileReference; lastKnownFileType = image.png; path = ChuckAskMe.png; sourceTree = "<group>"; };
		587459841E5007ED00C2697B /* ResizeImage.swift */ = {isa = PBXFileReference; fileEncoding = 4; lastKnownFileType = sourcecode.swift; path = ResizeImage.swift; sourceTree = "<group>"; };
		5887C6C81E2BD4C500D816A3 /* chuckLoad.png */ = {isa = PBXFileReference; lastKnownFileType = image.png; path = chuckLoad.png; sourceTree = "<group>"; };
		5887C6CA1E2BD6F000D816A3 /* ChuckAskMeFull.JPG */ = {isa = PBXFileReference; lastKnownFileType = image.jpeg; path = ChuckAskMeFull.JPG; sourceTree = "<group>"; };
		5887C6CC1E2BFF0600D816A3 /* WoodchuckSpinner.png */ = {isa = PBXFileReference; lastKnownFileType = image.png; path = WoodchuckSpinner.png; sourceTree = "<group>"; };
		58A388141E1A057100E1F289 /* AskChuck.app */ = {isa = PBXFileReference; explicitFileType = wrapper.application; includeInIndex = 0; path = AskChuck.app; sourceTree = BUILT_PRODUCTS_DIR; };
		58A388171E1A057100E1F289 /* AppDelegate.swift */ = {isa = PBXFileReference; lastKnownFileType = sourcecode.swift; path = AppDelegate.swift; sourceTree = "<group>"; };
		58A388191E1A057100E1F289 /* ViewController.swift */ = {isa = PBXFileReference; lastKnownFileType = sourcecode.swift; path = ViewController.swift; sourceTree = "<group>"; };
		58A3881C1E1A057100E1F289 /* Base */ = {isa = PBXFileReference; lastKnownFileType = file.storyboard; name = Base; path = Base.lproj/Main.storyboard; sourceTree = "<group>"; };
		58A3881E1E1A057100E1F289 /* Assets.xcassets */ = {isa = PBXFileReference; lastKnownFileType = folder.assetcatalog; path = Assets.xcassets; sourceTree = "<group>"; };
		58A388211E1A057100E1F289 /* Base */ = {isa = PBXFileReference; lastKnownFileType = file.storyboard; name = Base; path = Base.lproj/LaunchScreen.storyboard; sourceTree = "<group>"; };
		58A388231E1A057100E1F289 /* Info.plist */ = {isa = PBXFileReference; lastKnownFileType = text.plist.xml; path = Info.plist; sourceTree = "<group>"; };
		58A388291E1A05BA00E1F289 /* hazelcover3.jpg */ = {isa = PBXFileReference; lastKnownFileType = image.jpeg; path = hazelcover3.jpg; sourceTree = "<group>"; };
		58A3882C1E1A158100E1F289 /* AskChuck.entitlements */ = {isa = PBXFileReference; lastKnownFileType = text.plist.entitlements; path = AskChuck.entitlements; sourceTree = "<group>"; };
		58A3882E1E1A158800E1F289 /* CloudKit.framework */ = {isa = PBXFileReference; lastKnownFileType = wrapper.framework; name = CloudKit.framework; path = System/Library/Frameworks/CloudKit.framework; sourceTree = SDKROOT; };
		58B5B74B1E4798E9007DEE10 /* ArrayExtensions.swift */ = {isa = PBXFileReference; fileEncoding = 4; lastKnownFileType = sourcecode.swift; path = ArrayExtensions.swift; sourceTree = "<group>"; };
		58B5B7571E47BA6C007DEE10 /* WoodchuckHead.png */ = {isa = PBXFileReference; lastKnownFileType = image.png; path = WoodchuckHead.png; sourceTree = "<group>"; };
		58E1FF651E4EACCC0047708E /* rotateImage.png */ = {isa = PBXFileReference; lastKnownFileType = image.png; path = rotateImage.png; sourceTree = "<group>"; };
		58FB5AB81E2586D8009341E8 /* Chuckism.swift */ = {isa = PBXFileReference; fileEncoding = 4; lastKnownFileType = sourcecode.swift; path = Chuckism.swift; sourceTree = "<group>"; };
/* End PBXFileReference section */

/* Begin PBXFrameworksBuildPhase section */
		58A388111E1A057100E1F289 /* Frameworks */ = {
			isa = PBXFrameworksBuildPhase;
			buildActionMask = 2147483647;
			files = (
				58A3882F1E1A158800E1F289 /* CloudKit.framework in Frameworks */,
			);
			runOnlyForDeploymentPostprocessing = 0;
		};
/* End PBXFrameworksBuildPhase section */

/* Begin PBXGroup section */
		58A3880B1E1A057100E1F289 = {
			isa = PBXGroup;
			children = (
				58A388161E1A057100E1F289 /* AskChuck */,
				58A388151E1A057100E1F289 /* Products */,
				58A3882D1E1A158800E1F289 /* Frameworks */,
			);
			sourceTree = "<group>";
		};
		58A388151E1A057100E1F289 /* Products */ = {
			isa = PBXGroup;
			children = (
				58A388141E1A057100E1F289 /* AskChuck.app */,
			);
			name = Products;
			sourceTree = "<group>";
		};
		58A388161E1A057100E1F289 /* AskChuck */ = {
			isa = PBXGroup;
			children = (
				58499A791E57CAE6001F94C4 /* Reachability.swift */,
				58FB5AB81E2586D8009341E8 /* Chuckism.swift */,
				58106F1C1E2C30030013683A /* UIView+Rotation.swift */,
				58B5B74B1E4798E9007DEE10 /* ArrayExtensions.swift */,
				587459841E5007ED00C2697B /* ResizeImage.swift */,
				58A3882C1E1A158100E1F289 /* AskChuck.entitlements */,
				5887C6CA1E2BD6F000D816A3 /* ChuckAskMeFull.JPG */,
				5887C6C81E2BD4C500D816A3 /* chuckLoad.png */,
				58A388291E1A05BA00E1F289 /* hazelcover3.jpg */,
				58583DC71E2AE988003F76A7 /* ChuckAskMe.png */,
				58E1FF651E4EACCC0047708E /* rotateImage.png */,
				580BEA481E44453D001920DC /* imagePixelUnicornMedium.png */,
				58B5B7571E47BA6C007DEE10 /* WoodchuckHead.png */,
				5887C6CC1E2BFF0600D816A3 /* WoodchuckSpinner.png */,
				58A388171E1A057100E1F289 /* AppDelegate.swift */,
				58A388191E1A057100E1F289 /* ViewController.swift */,
				584A776B1E232CEB002E9D88 /* QuestionsViewController.swift */,
				58A3881B1E1A057100E1F289 /* Main.storyboard */,
				58A388201E1A057100E1F289 /* LaunchScreen.storyboard */,
				58A3881E1E1A057100E1F289 /* Assets.xcassets */,
				58A388231E1A057100E1F289 /* Info.plist */,
			);
			path = AskChuck;
			sourceTree = "<group>";
		};
		58A3882D1E1A158800E1F289 /* Frameworks */ = {
			isa = PBXGroup;
			children = (
				58A3882E1E1A158800E1F289 /* CloudKit.framework */,
			);
			name = Frameworks;
			sourceTree = "<group>";
		};
/* End PBXGroup section */

/* Begin PBXNativeTarget section */
		58A388131E1A057100E1F289 /* AskChuck */ = {
			isa = PBXNativeTarget;
			buildConfigurationList = 58A388261E1A057100E1F289 /* Build configuration list for PBXNativeTarget "AskChuck" */;
			buildPhases = (
				58A388101E1A057100E1F289 /* Sources */,
				58A388111E1A057100E1F289 /* Frameworks */,
				58A388121E1A057100E1F289 /* Resources */,
			);
			buildRules = (
			);
			dependencies = (
			);
			name = AskChuck;
			productName = AskChuck;
			productReference = 58A388141E1A057100E1F289 /* AskChuck.app */;
			productType = "com.apple.product-type.application";
		};
/* End PBXNativeTarget section */

/* Begin PBXProject section */
		58A3880C1E1A057100E1F289 /* Project object */ = {
			isa = PBXProject;
			attributes = {
				LastSwiftUpdateCheck = 0820;
				LastUpgradeCheck = 1010;
				ORGANIZATIONNAME = "Chucklet Labs";
				TargetAttributes = {
					58A388131E1A057100E1F289 = {
						CreatedOnToolsVersion = 8.2.1;
						DevelopmentTeam = A8745AT29K;
						LastSwiftMigration = 1010;
						ProvisioningStyle = Automatic;
						SystemCapabilities = {
							com.apple.Push = {
								enabled = 0;
							};
							com.apple.iCloud = {
								enabled = 1;
							};
						};
					};
				};
			};
			buildConfigurationList = 58A3880F1E1A057100E1F289 /* Build configuration list for PBXProject "AskChuck" */;
			compatibilityVersion = "Xcode 3.2";
			developmentRegion = English;
			hasScannedForEncodings = 0;
			knownRegions = (
				en,
				Base,
			);
			mainGroup = 58A3880B1E1A057100E1F289;
			productRefGroup = 58A388151E1A057100E1F289 /* Products */;
			projectDirPath = "";
			projectRoot = "";
			targets = (
				58A388131E1A057100E1F289 /* AskChuck */,
			);
		};
/* End PBXProject section */

/* Begin PBXResourcesBuildPhase section */
		58A388121E1A057100E1F289 /* Resources */ = {
			isa = PBXResourcesBuildPhase;
			buildActionMask = 2147483647;
			files = (
				58A3882A1E1A05BA00E1F289 /* hazelcover3.jpg in Resources */,
				58A388221E1A057100E1F289 /* LaunchScreen.storyboard in Resources */,
				5887C6C91E2BD4C500D816A3 /* chuckLoad.png in Resources */,
				58B5B7581E47BA6C007DEE10 /* WoodchuckHead.png in Resources */,
				58A3881F1E1A057100E1F289 /* Assets.xcassets in Resources */,
				58583DC81E2AE988003F76A7 /* ChuckAskMe.png in Resources */,
				5887C6CD1E2BFF0700D816A3 /* WoodchuckSpinner.png in Resources */,
				58A3881D1E1A057100E1F289 /* Main.storyboard in Resources */,
				580BEA491E44453D001920DC /* imagePixelUnicornMedium.png in Resources */,
				5887C6CB1E2BD6F000D816A3 /* ChuckAskMeFull.JPG in Resources */,
				58E1FF661E4EACCC0047708E /* rotateImage.png in Resources */,
			);
			runOnlyForDeploymentPostprocessing = 0;
		};
/* End PBXResourcesBuildPhase section */

/* Begin PBXSourcesBuildPhase section */
		58A388101E1A057100E1F289 /* Sources */ = {
			isa = PBXSourcesBuildPhase;
			buildActionMask = 2147483647;
			files = (
				58FB5AB91E2586D8009341E8 /* Chuckism.swift in Sources */,
				58B5B74C1E4798E9007DEE10 /* ArrayExtensions.swift in Sources */,
				58A3881A1E1A057100E1F289 /* ViewController.swift in Sources */,
				58106F1D1E2C30030013683A /* UIView+Rotation.swift in Sources */,
				587459851E5007ED00C2697B /* ResizeImage.swift in Sources */,
				58A388181E1A057100E1F289 /* AppDelegate.swift in Sources */,
				58499A7A1E57CAE6001F94C4 /* Reachability.swift in Sources */,
				584A776C1E232CEB002E9D88 /* QuestionsViewController.swift in Sources */,
			);
			runOnlyForDeploymentPostprocessing = 0;
		};
/* End PBXSourcesBuildPhase section */

/* Begin PBXVariantGroup section */
		58A3881B1E1A057100E1F289 /* Main.storyboard */ = {
			isa = PBXVariantGroup;
			children = (
				58A3881C1E1A057100E1F289 /* Base */,
			);
			name = Main.storyboard;
			sourceTree = "<group>";
		};
		58A388201E1A057100E1F289 /* LaunchScreen.storyboard */ = {
			isa = PBXVariantGroup;
			children = (
				58A388211E1A057100E1F289 /* Base */,
			);
			name = LaunchScreen.storyboard;
			sourceTree = "<group>";
		};
/* End PBXVariantGroup section */

/* Begin XCBuildConfiguration section */
		58A388241E1A057100E1F289 /* Debug */ = {
			isa = XCBuildConfiguration;
			buildSettings = {
				ALWAYS_SEARCH_USER_PATHS = NO;
				CLANG_ANALYZER_NONNULL = YES;
				CLANG_CXX_LANGUAGE_STANDARD = "gnu++0x";
				CLANG_CXX_LIBRARY = "libc++";
				CLANG_ENABLE_MODULES = YES;
				CLANG_ENABLE_OBJC_ARC = YES;
				CLANG_WARN_BLOCK_CAPTURE_AUTORELEASING = YES;
				CLANG_WARN_BOOL_CONVERSION = YES;
				CLANG_WARN_COMMA = YES;
				CLANG_WARN_CONSTANT_CONVERSION = YES;
				CLANG_WARN_DEPRECATED_OBJC_IMPLEMENTATIONS = YES;
				CLANG_WARN_DIRECT_OBJC_ISA_USAGE = YES_ERROR;
				CLANG_WARN_DOCUMENTATION_COMMENTS = YES;
				CLANG_WARN_EMPTY_BODY = YES;
				CLANG_WARN_ENUM_CONVERSION = YES;
				CLANG_WARN_INFINITE_RECURSION = YES;
				CLANG_WARN_INT_CONVERSION = YES;
				CLANG_WARN_NON_LITERAL_NULL_CONVERSION = YES;
				CLANG_WARN_OBJC_IMPLICIT_RETAIN_SELF = YES;
				CLANG_WARN_OBJC_LITERAL_CONVERSION = YES;
				CLANG_WARN_OBJC_ROOT_CLASS = YES_ERROR;
				CLANG_WARN_RANGE_LOOP_ANALYSIS = YES;
				CLANG_WARN_STRICT_PROTOTYPES = YES;
				CLANG_WARN_SUSPICIOUS_MOVE = YES;
				CLANG_WARN_UNREACHABLE_CODE = YES;
				CLANG_WARN__DUPLICATE_METHOD_MATCH = YES;
				"CODE_SIGN_IDENTITY[sdk=iphoneos*]" = "iPhone Developer";
				COPY_PHASE_STRIP = NO;
				DEBUG_INFORMATION_FORMAT = dwarf;
				ENABLE_STRICT_OBJC_MSGSEND = YES;
				ENABLE_TESTABILITY = YES;
				GCC_C_LANGUAGE_STANDARD = gnu99;
				GCC_DYNAMIC_NO_PIC = NO;
				GCC_NO_COMMON_BLOCKS = YES;
				GCC_OPTIMIZATION_LEVEL = 0;
				GCC_PREPROCESSOR_DEFINITIONS = (
					"DEBUG=1",
					"$(inherited)",
				);
				GCC_WARN_64_TO_32_BIT_CONVERSION = YES;
				GCC_WARN_ABOUT_RETURN_TYPE = YES_ERROR;
				GCC_WARN_UNDECLARED_SELECTOR = YES;
				GCC_WARN_UNINITIALIZED_AUTOS = YES_AGGRESSIVE;
				GCC_WARN_UNUSED_FUNCTION = YES;
				GCC_WARN_UNUSED_VARIABLE = YES;
				IPHONEOS_DEPLOYMENT_TARGET = 10.2;
				MTL_ENABLE_DEBUG_INFO = YES;
				ONLY_ACTIVE_ARCH = YES;
				SDKROOT = iphoneos;
				SWIFT_ACTIVE_COMPILATION_CONDITIONS = DEBUG;
				SWIFT_OPTIMIZATION_LEVEL = "-Onone";
			};
			name = Debug;
		};
		58A388251E1A057100E1F289 /* Release */ = {
			isa = XCBuildConfiguration;
			buildSettings = {
				ALWAYS_SEARCH_USER_PATHS = NO;
				CLANG_ANALYZER_NONNULL = YES;
				CLANG_CXX_LANGUAGE_STANDARD = "gnu++0x";
				CLANG_CXX_LIBRARY = "libc++";
				CLANG_ENABLE_MODULES = YES;
				CLANG_ENABLE_OBJC_ARC = YES;
				CLANG_WARN_BLOCK_CAPTURE_AUTORELEASING = YES;
				CLANG_WARN_BOOL_CONVERSION = YES;
				CLANG_WARN_COMMA = YES;
				CLANG_WARN_CONSTANT_CONVERSION = YES;
				CLANG_WARN_DEPRECATED_OBJC_IMPLEMENTATIONS = YES;
				CLANG_WARN_DIRECT_OBJC_ISA_USAGE = YES_ERROR;
				CLANG_WARN_DOCUMENTATION_COMMENTS = YES;
				CLANG_WARN_EMPTY_BODY = YES;
				CLANG_WARN_ENUM_CONVERSION = YES;
				CLANG_WARN_INFINITE_RECURSION = YES;
				CLANG_WARN_INT_CONVERSION = YES;
				CLANG_WARN_NON_LITERAL_NULL_CONVERSION = YES;
				CLANG_WARN_OBJC_IMPLICIT_RETAIN_SELF = YES;
				CLANG_WARN_OBJC_LITERAL_CONVERSION = YES;
				CLANG_WARN_OBJC_ROOT_CLASS = YES_ERROR;
				CLANG_WARN_RANGE_LOOP_ANALYSIS = YES;
				CLANG_WARN_STRICT_PROTOTYPES = YES;
				CLANG_WARN_SUSPICIOUS_MOVE = YES;
				CLANG_WARN_UNREACHABLE_CODE = YES;
				CLANG_WARN__DUPLICATE_METHOD_MATCH = YES;
				"CODE_SIGN_IDENTITY[sdk=iphoneos*]" = "iPhone Developer";
				COPY_PHASE_STRIP = NO;
				DEBUG_INFORMATION_FORMAT = "dwarf-with-dsym";
				ENABLE_NS_ASSERTIONS = NO;
				ENABLE_STRICT_OBJC_MSGSEND = YES;
				GCC_C_LANGUAGE_STANDARD = gnu99;
				GCC_NO_COMMON_BLOCKS = YES;
				GCC_WARN_64_TO_32_BIT_CONVERSION = YES;
				GCC_WARN_ABOUT_RETURN_TYPE = YES_ERROR;
				GCC_WARN_UNDECLARED_SELECTOR = YES;
				GCC_WARN_UNINITIALIZED_AUTOS = YES_AGGRESSIVE;
				GCC_WARN_UNUSED_FUNCTION = YES;
				GCC_WARN_UNUSED_VARIABLE = YES;
				IPHONEOS_DEPLOYMENT_TARGET = 10.2;
				MTL_ENABLE_DEBUG_INFO = NO;
				SDKROOT = iphoneos;
				SWIFT_OPTIMIZATION_LEVEL = "-Owholemodule";
				VALIDATE_PRODUCT = YES;
			};
			name = Release;
		};
		58A388271E1A057100E1F289 /* Debug */ = {
			isa = XCBuildConfiguration;
			buildSettings = {
				ASSETCATALOG_COMPILER_APPICON_NAME = AppIcon;
				CODE_SIGN_ENTITLEMENTS = AskChuck/AskChuck.entitlements;
				DEVELOPMENT_TEAM = A8745AT29K;
				INFOPLIST_FILE = AskChuck/Info.plist;
				LD_RUNPATH_SEARCH_PATHS = "$(inherited) @executable_path/Frameworks";
				PRODUCT_BUNDLE_IDENTIFIER = com.chuckletlabs.AskChuck;
				PRODUCT_NAME = "$(TARGET_NAME)";
				SWIFT_SWIFT3_OBJC_INFERENCE = On;
				SWIFT_VERSION = 4.2;
				TARGETED_DEVICE_FAMILY = 1;
			};
			name = Debug;
		};
		58A388281E1A057100E1F289 /* Release */ = {
			isa = XCBuildConfiguration;
			buildSettings = {
				ASSETCATALOG_COMPILER_APPICON_NAME = AppIcon;
				CODE_SIGN_ENTITLEMENTS = AskChuck/AskChuck.entitlements;
				DEVELOPMENT_TEAM = A8745AT29K;
				INFOPLIST_FILE = AskChuck/Info.plist;
				LD_RUNPATH_SEARCH_PATHS = "$(inherited) @executable_path/Frameworks";
				PRODUCT_BUNDLE_IDENTIFIER = com.chuckletlabs.AskChuck;
				PRODUCT_NAME = "$(TARGET_NAME)";
				SWIFT_SWIFT3_OBJC_INFERENCE = On;
				SWIFT_VERSION = 4.2;
				TARGETED_DEVICE_FAMILY = 1;
			};
			name = Release;
		};
/* End XCBuildConfiguration section */

/* Begin XCConfigurationList section */
		58A3880F1E1A057100E1F289 /* Build configuration list for PBXProject "AskChuck" */ = {
			isa = XCConfigurationList;
			buildConfigurations = (
				58A388241E1A057100E1F289 /* Debug */,
				58A388251E1A057100E1F289 /* Release */,
			);
			defaultConfigurationIsVisible = 0;
			defaultConfigurationName = Release;
		};
		58A388261E1A057100E1F289 /* Build configuration list for PBXNativeTarget "AskChuck" */ = {
			isa = XCConfigurationList;
			buildConfigurations = (
				58A388271E1A057100E1F289 /* Debug */,
				58A388281E1A057100E1F289 /* Release */,
			);
			defaultConfigurationIsVisible = 0;
			defaultConfigurationName = Release;
		};
/* End XCConfigurationList section */
	};
	rootObject = 58A3880C1E1A057100E1F289 /* Project object */;
}
